
Microsoft Visual Studio Solution File, Format Version 12.00
# Visual Studio Version 16
VisualStudioVersion = 16.0.31613.86
MinimumVisualStudioVersion = 10.0.40219.1
Project("{FAE04EC0-301F-11D3-BF4B-00C04F79EFBC}") = "SeleniumWithCSharp", "SeleniumWithCSharp\SeleniumWithCSharp.csproj", "{7AAFA2ED-669A-464D-A253-53799D4A37BC}"
EndProject
Global
	GlobalSection(SolutionConfigurationPlatforms) = preSolution
		Debug|Any CPU = Debug|Any CPU
		Release|Any CPU = Release|Any CPU
	EndGlobalSection
	GlobalSection(ProjectConfigurationPlatforms) = postSolution
		{7AAFA2ED-669A-464D-A253-53799D4A37BC}.Debug|Any CPU.ActiveCfg = Debug|Any CPU
		{7AAFA2ED-669A-464D-A253-53799D4A37BC}.Debug|Any CPU.Build.0 = Debug|Any CPU
		{7AAFA2ED-669A-464D-A253-53799D4A37BC}.Release|Any CPU.ActiveCfg = Release|Any CPU
		{7AAFA2ED-669A-464D-A253-53799D4A37BC}.Release|Any CPU.Build.0 = Release|Any CPU
	EndGlobalSection
	GlobalSection(SolutionProperties) = preSolution
		HideSolutionNode = FALSE
	EndGlobalSection
	GlobalSection(ExtensibilityGlobals) = postSolution
		SolutionGuid = {002B3060-B9B7-4EDE-BF82-7C4460D9926E}
	EndGlobalSection
EndGlobal
